
Microsoft Visual Studio Solution File, Format Version 12.00
# Visual Studio 15
Project("{FAE04EC0-301F-11D3-BF4B-00C04F79EFBC}") = "Assembly-CSharp", "Assembly-CSharp.csproj", "{CEDDA655-17F6-4B84-FD60-20E22C4FD631}"
EndProject
Project("{FAE04EC0-301F-11D3-BF4B-00C04F79EFBC}") = "Assembly-CSharp-Editor", "Assembly-CSharp-Editor.csproj", "{478BE00D-AAF1-93B7-2A50-958FC7CF1385}"
EndProject
Global
	GlobalSection(SolutionConfigurationPlatforms) = preSolution
		Debug|Any CPU = Debug|Any CPU
		Release|Any CPU = Release|Any CPU
	EndGlobalSection
	GlobalSection(ProjectConfigurationPlatforms) = postSolution
		{CEDDA655-17F6-4B84-FD60-20E22C4FD631}.Debug|Any CPU.ActiveCfg = Debug|Any CPU
		{CEDDA655-17F6-4B84-FD60-20E22C4FD631}.Debug|Any CPU.Build.0 = Debug|Any CPU
		{CEDDA655-17F6-4B84-FD60-20E22C4FD631}.Release|Any CPU.ActiveCfg = Release|Any CPU
		{CEDDA655-17F6-4B84-FD60-20E22C4FD631}.Release|Any CPU.Build.0 = Release|Any CPU
		{478BE00D-AAF1-93B7-2A50-958FC7CF1385}.Debug|Any CPU.ActiveCfg = Debug|Any CPU
		{478BE00D-AAF1-93B7-2A50-958FC7CF1385}.Debug|Any CPU.Build.0 = Debug|Any CPU
		{478BE00D-AAF1-93B7-2A50-958FC7CF1385}.Release|Any CPU.ActiveCfg = Release|Any CPU
		{478BE00D-AAF1-93B7-2A50-958FC7CF1385}.Release|Any CPU.Build.0 = Release|Any CPU
	EndGlobalSection
	GlobalSection(SolutionProperties) = preSolution
		HideSolutionNode = FALSE
	EndGlobalSection
EndGlobal
